// !$*UTF8*$!
{
	archiveVersion = 1;
	classes = {
	};
	objectVersion = 77;
	objects = {

/* Begin PBXBuildFile section */
		558E8D112E7C4C0C007487AB /* TripstagramPresentation in Frameworks */ = {isa = PBXBuildFile; productRef = 558E8D102E7C4C0C007487AB /* TripstagramPresentation */; };
/* End PBXBuildFile section */

/* Begin PBXContainerItemProxy section */
		558E8CB72E7C49D4007487AB /* PBXContainerItemProxy */ = {
			isa = PBXContainerItemProxy;
			containerPortal = 558E8C9F2E7C49D2007487AB /* Project object */;
			proxyType = 1;
			remoteGlobalIDString = 558E8CA62E7C49D2007487AB;
			remoteInfo = Tripstagram;
		};
		558E8CC12E7C49D4007487AB /* PBXContainerItemProxy */ = {
			isa = PBXContainerItemProxy;
			containerPortal = 558E8C9F2E7C49D2007487AB /* Project object */;
			proxyType = 1;
			remoteGlobalIDString = 558E8CA62E7C49D2007487AB;
			remoteInfo = Tripstagram;
		};
/* End PBXContainerItemProxy section */

/* Begin PBXFileReference section */
		558E8CA72E7C49D2007487AB /* Tripstagram.app */ = {isa = PBXFileReference; explicitFileType = wrapper.application; includeInIndex = 0; path = Tripstagram.app; sourceTree = BUILT_PRODUCTS_DIR; };
		558E8CB62E7C49D4007487AB /* TripstagramTests.xctest */ = {isa = PBXFileReference; explicitFileType = wrapper.cfbundle; includeInIndex = 0; path = TripstagramTests.xctest; sourceTree = BUILT_PRODUCTS_DIR; };
		558E8CC02E7C49D4007487AB /* TripstagramUITests.xctest */ = {isa = PBXFileReference; explicitFileType = wrapper.cfbundle; includeInIndex = 0; path = TripstagramUITests.xctest; sourceTree = BUILT_PRODUCTS_DIR; };
		558E8CE12E7C4A90007487AB /* TripstagramPresentation */ = {isa = PBXFileReference; lastKnownFileType = wrapper; path = TripstagramPresentation; sourceTree = "<group>"; };
/* End PBXFileReference section */

/* Begin PBXFileSystemSynchronizedRootGroup section */
		558E8CA92E7C49D2007487AB /* Tripstagram */ = {
			isa = PBXFileSystemSynchronizedRootGroup;
			path = Tripstagram;
			sourceTree = "<group>";
		};
		558E8CB92E7C49D4007487AB /* TripstagramTests */ = {
			isa = PBXFileSystemSynchronizedRootGroup;
			path = TripstagramTests;
			sourceTree = "<group>";
		};
		558E8CC32E7C49D4007487AB /* TripstagramUITests */ = {
			isa = PBXFileSystemSynchronizedRootGroup;
			path = TripstagramUITests;
			sourceTree = "<group>";
		};
/* End PBXFileSystemSynchronizedRootGroup section */

/* Begin PBXFrameworksBuildPhase section */
		558E8CA42E7C49D2007487AB /* Frameworks */ = {
			isa = PBXFrameworksBuildPhase;
			buildActionMask = 2147483647;
			files = (
				558E8D112E7C4C0C007487AB /* TripstagramPresentation in Frameworks */,
			);
			runOnlyForDeploymentPostprocessing = 0;
		};
		558E8CB32E7C49D4007487AB /* Frameworks */ = {
			isa = PBXFrameworksBuildPhase;
			buildActionMask = 2147483647;
			files = (
			);
			runOnlyForDeploymentPostprocessing = 0;
		};
		558E8CBD2E7C49D4007487AB /* Frameworks */ = {
			isa = PBXFrameworksBuildPhase;
			buildActionMask = 2147483647;
			files = (
			);
			runOnlyForDeploymentPostprocessing = 0;
		};
/* End PBXFrameworksBuildPhase section */

/* Begin PBXGroup section */
		558E8C9E2E7C49D2007487AB = {
			isa = PBXGroup;
			children = (
				558E8CA92E7C49D2007487AB /* Tripstagram */,
				558E8CB92E7C49D4007487AB /* TripstagramTests */,
				558E8CC32E7C49D4007487AB /* TripstagramUITests */,
				558E8CE12E7C4A90007487AB /* TripstagramPresentation */,
				558E8D0F2E7C4C0C007487AB /* Frameworks */,
				558E8CA82E7C49D2007487AB /* Products */,
			);
			sourceTree = "<group>";
		};
		558E8CA82E7C49D2007487AB /* Products */ = {
			isa = PBXGroup;
			children = (
				558E8CA72E7C49D2007487AB /* Tripstagram.app */,
				558E8CB62E7C49D4007487AB /* TripstagramTests.xctest */,
				558E8CC02E7C49D4007487AB /* TripstagramUITests.xctest */,
			);
			name = Products;
			sourceTree = "<group>";
		};
		558E8D0F2E7C4C0C007487AB /* Frameworks */ = {
			isa = PBXGroup;
			children = (
			);
			name = Frameworks;
			sourceTree = "<group>";
		};
/* End PBXGroup section */

/* Begin PBXNativeTarget section */
		558E8CA62E7C49D2007487AB /* Tripstagram */ = {
			isa = PBXNativeTarget;
			buildConfigurationList = 558E8CCA2E7C49D4007487AB /* Build configuration list for PBXNativeTarget "Tripstagram" */;
			buildPhases = (
				558E8CA32E7C49D2007487AB /* Sources */,
				558E8CA42E7C49D2007487AB /* Frameworks */,
				558E8CA52E7C49D2007487AB /* Resources */,
			);
			buildRules = (
			);
			dependencies = (
			);
			fileSystemSynchronizedGroups = (
				558E8CA92E7C49D2007487AB /* Tripstagram */,
			);
			name = Tripstagram;
			packageProductDependencies = (
				558E8D102E7C4C0C007487AB /* TripstagramPresentation */,
			);
			productName = Tripstagram;
			productReference = 558E8CA72E7C49D2007487AB /* Tripstagram.app */;
			productType = "com.apple.product-type.application";
		};
		558E8CB52E7C49D4007487AB /* TripstagramTests */ = {
			isa = PBXNativeTarget;
			buildConfigurationList = 558E8CCD2E7C49D4007487AB /* Build configuration list for PBXNativeTarget "TripstagramTests" */;
			buildPhases = (
				558E8CB22E7C49D4007487AB /* Sources */,
				558E8CB32E7C49D4007487AB /* Frameworks */,
				558E8CB42E7C49D4007487AB /* Resources */,
			);
			buildRules = (
			);
			dependencies = (
				558E8CB82E7C49D4007487AB /* PBXTargetDependency */,
			);
			fileSystemSynchronizedGroups = (
				558E8CB92E7C49D4007487AB /* TripstagramTests */,
			);
			name = TripstagramTests;
			packageProductDependencies = (
			);
			productName = TripstagramTests;
			productReference = 558E8CB62E7C49D4007487AB /* TripstagramTests.xctest */;
			productType = "com.apple.product-type.bundle.unit-test";
		};
		558E8CBF2E7C49D4007487AB /* TripstagramUITests */ = {
			isa = PBXNativeTarget;
			buildConfigurationList = 558E8CD02E7C49D4007487AB /* Build configuration list for PBXNativeTarget "TripstagramUITests" */;
			buildPhases = (
				558E8CBC2E7C49D4007487AB /* Sources */,
				558E8CBD2E7C49D4007487AB /* Frameworks */,
				558E8CBE2E7C49D4007487AB /* Resources */,
			);
			buildRules = (
			);
			dependencies = (
				558E8CC22E7C49D4007487AB /* PBXTargetDependency */,
			);
			fileSystemSynchronizedGroups = (
				558E8CC32E7C49D4007487AB /* TripstagramUITests */,
			);
			name = TripstagramUITests;
			packageProductDependencies = (
			);
			productName = TripstagramUITests;
			productReference = 558E8CC02E7C49D4007487AB /* TripstagramUITests.xctest */;
			productType = "com.apple.product-type.bundle.ui-testing";
		};
/* End PBXNativeTarget section */

/* Begin PBXProject section */
		558E8C9F2E7C49D2007487AB /* Project object */ = {
			isa = PBXProject;
			attributes = {
				BuildIndependentTargetsInParallel = 1;
				LastSwiftUpdateCheck = 2600;
				LastUpgradeCheck = 2600;
				TargetAttributes = {
					558E8CA62E7C49D2007487AB = {
						CreatedOnToolsVersion = 26.0;
					};
					558E8CB52E7C49D4007487AB = {
						CreatedOnToolsVersion = 26.0;
						TestTargetID = 558E8CA62E7C49D2007487AB;
					};
					558E8CBF2E7C49D4007487AB = {
						CreatedOnToolsVersion = 26.0;
						TestTargetID = 558E8CA62E7C49D2007487AB;
					};
				};
			};
			buildConfigurationList = 558E8CA22E7C49D2007487AB /* Build configuration list for PBXProject "Tripstagram" */;
			developmentRegion = en;
			hasScannedForEncodings = 0;
			knownRegions = (
				en,
				Base,
			);
			mainGroup = 558E8C9E2E7C49D2007487AB;
			minimizedProjectReferenceProxies = 1;
			preferredProjectObjectVersion = 77;
			productRefGroup = 558E8CA82E7C49D2007487AB /* Products */;
			projectDirPath = "";
			projectRoot = "";
			targets = (
				558E8CA62E7C49D2007487AB /* Tripstagram */,
				558E8CB52E7C49D4007487AB /* TripstagramTests */,
				558E8CBF2E7C49D4007487AB /* TripstagramUITests */,
			);
		};
/* End PBXProject section */

/* Begin PBXResourcesBuildPhase section */
		558E8CA52E7C49D2007487AB /* Resources */ = {
			isa = PBXResourcesBuildPhase;
			buildActionMask = 2147483647;
			files = (
			);
			runOnlyForDeploymentPostprocessing = 0;
		};
		558E8CB42E7C49D4007487AB /* Resources */ = {
			isa = PBXResourcesBuildPhase;
			buildActionMask = 2147483647;
			files = (
			);
			runOnlyForDeploymentPostprocessing = 0;
		};
		558E8CBE2E7C49D4007487AB /* Resources */ = {
			isa = PBXResourcesBuildPhase;
			buildActionMask = 2147483647;
			files = (
			);
			runOnlyForDeploymentPostprocessing = 0;
		};
/* End PBXResourcesBuildPhase section */

/* Begin PBXSourcesBuildPhase section */
		558E8CA32E7C49D2007487AB /* Sources */ = {
			isa = PBXSourcesBuildPhase;
			buildActionMask = 2147483647;
			files = (
			);
			runOnlyForDeploymentPostprocessing = 0;
		};
		558E8CB22E7C49D4007487AB /* Sources */ = {
			isa = PBXSourcesBuildPhase;
			buildActionMask = 2147483647;
			files = (
			);
			runOnlyForDeploymentPostprocessing = 0;
		};
		558E8CBC2E7C49D4007487AB /* Sources */ = {
			isa = PBXSourcesBuildPhase;
			buildActionMask = 2147483647;
			files = (
			);
			runOnlyForDeploymentPostprocessing = 0;
		};
/* End PBXSourcesBuildPhase section */

/* Begin PBXTargetDependency section */
		558E8CB82E7C49D4007487AB /* PBXTargetDependency */ = {
			isa = PBXTargetDependency;
			target = 558E8CA62E7C49D2007487AB /* Tripstagram */;
			targetProxy = 558E8CB72E7C49D4007487AB /* PBXContainerItemProxy */;
		};
		558E8CC22E7C49D4007487AB /* PBXTargetDependency */ = {
			isa = PBXTargetDependency;
			target = 558E8CA62E7C49D2007487AB /* Tripstagram */;
			targetProxy = 558E8CC12E7C49D4007487AB /* PBXContainerItemProxy */;
		};
/* End PBXTargetDependency section */

/* Begin XCBuildConfiguration section */
		558E8CC82E7C49D4007487AB /* Debug */ = {
			isa = XCBuildConfiguration;
			buildSettings = {
				ALWAYS_SEARCH_USER_PATHS = NO;
				ASSETCATALOG_COMPILER_GENERATE_SWIFT_ASSET_SYMBOL_EXTENSIONS = YES;
				CLANG_ANALYZER_NONNULL = YES;
				CLANG_ANALYZER_NUMBER_OBJECT_CONVERSION = YES_AGGRESSIVE;
				CLANG_CXX_LANGUAGE_STANDARD = "gnu++20";
				CLANG_ENABLE_MODULES = YES;
				CLANG_ENABLE_OBJC_ARC = YES;
				CLANG_ENABLE_OBJC_WEAK = YES;
				CLANG_WARN_BLOCK_CAPTURE_AUTORELEASING = YES;
				CLANG_WARN_BOOL_CONVERSION = YES;
				CLANG_WARN_COMMA = YES;
				CLANG_WARN_CONSTANT_CONVERSION = YES;
				CLANG_WARN_DEPRECATED_OBJC_IMPLEMENTATIONS = YES;
				CLANG_WARN_DIRECT_OBJC_ISA_USAGE = YES_ERROR;
				CLANG_WARN_DOCUMENTATION_COMMENTS = YES;
				CLANG_WARN_EMPTY_BODY = YES;
				CLANG_WARN_ENUM_CONVERSION = YES;
				CLANG_WARN_INFINITE_RECURSION = YES;
				CLANG_WARN_INT_CONVERSION = YES;
				CLANG_WARN_NON_LITERAL_NULL_CONVERSION = YES;
				CLANG_WARN_OBJC_IMPLICIT_RETAIN_SELF = YES;
				CLANG_WARN_OBJC_LITERAL_CONVERSION = YES;
				CLANG_WARN_OBJC_ROOT_CLASS = YES_ERROR;
				CLANG_WARN_QUOTED_INCLUDE_IN_FRAMEWORK_HEADER = YES;
				CLANG_WARN_RANGE_LOOP_ANALYSIS = YES;
				CLANG_WARN_STRICT_PROTOTYPES = YES;
				CLANG_WARN_SUSPICIOUS_MOVE = YES;
				CLANG_WARN_UNGUARDED_AVAILABILITY = YES_AGGRESSIVE;
				CLANG_WARN_UNREACHABLE_CODE = YES;
				CLANG_WARN__DUPLICATE_METHOD_MATCH = YES;
				COPY_PHASE_STRIP = NO;
				DEBUG_INFORMATION_FORMAT = dwarf;
				DEVELOPMENT_TEAM = 9HC298K985;
				ENABLE_STRICT_OBJC_MSGSEND = YES;
				ENABLE_TESTABILITY = YES;
				ENABLE_USER_SCRIPT_SANDBOXING = YES;
				GCC_C_LANGUAGE_STANDARD = gnu17;
				GCC_DYNAMIC_NO_PIC = NO;
				GCC_NO_COMMON_BLOCKS = YES;
				GCC_OPTIMIZATION_LEVEL = 0;
				GCC_PREPROCESSOR_DEFINITIONS = (
					"DEBUG=1",
					"$(inherited)",
				);
				GCC_WARN_64_TO_32_BIT_CONVERSION = YES;
				GCC_WARN_ABOUT_RETURN_TYPE = YES_ERROR;
				GCC_WARN_UNDECLARED_SELECTOR = YES;
				GCC_WARN_UNINITIALIZED_AUTOS = YES_AGGRESSIVE;
				GCC_WARN_UNUSED_FUNCTION = YES;
				GCC_WARN_UNUSED_VARIABLE = YES;
				IPHONEOS_DEPLOYMENT_TARGET = 26.0;
				LOCALIZATION_PREFERS_STRING_CATALOGS = YES;
				MTL_ENABLE_DEBUG_INFO = INCLUDE_SOURCE;
				MTL_FAST_MATH = YES;
				ONLY_ACTIVE_ARCH = YES;
				SDKROOT = iphoneos;
				SWIFT_ACTIVE_COMPILATION_CONDITIONS = "DEBUG $(inherited)";
				SWIFT_OPTIMIZATION_LEVEL = "-Onone";
			};
			name = Debug;
		};
		558E8CC92E7C49D4007487AB /* Release */ = {
			isa = XCBuildConfiguration;
			buildSettings = {
				ALWAYS_SEARCH_USER_PATHS = NO;
				ASSETCATALOG_COMPILER_GENERATE_SWIFT_ASSET_SYMBOL_EXTENSIONS = YES;
				CLANG_ANALYZER_NONNULL = YES;
				CLANG_ANALYZER_NUMBER_OBJECT_CONVERSION = YES_AGGRESSIVE;
				CLANG_CXX_LANGUAGE_STANDARD = "gnu++20";
				CLANG_ENABLE_MODULES = YES;
				CLANG_ENABLE_OBJC_ARC = YES;
				CLANG_ENABLE_OBJC_WEAK = YES;
				CLANG_WARN_BLOCK_CAPTURE_AUTORELEASING = YES;
				CLANG_WARN_BOOL_CONVERSION = YES;
				CLANG_WARN_COMMA = YES;
				CLANG_WARN_CONSTANT_CONVERSION = YES;
				CLANG_WARN_DEPRECATED_OBJC_IMPLEMENTATIONS = YES;
				CLANG_WARN_DIRECT_OBJC_ISA_USAGE = YES_ERROR;
				CLANG_WARN_DOCUMENTATION_COMMENTS = YES;
				CLANG_WARN_EMPTY_BODY = YES;
				CLANG_WARN_ENUM_CONVERSION = YES;
				CLANG_WARN_INFINITE_RECURSION = YES;
				CLANG_WARN_INT_CONVERSION = YES;
				CLANG_WARN_NON_LITERAL_NULL_CONVERSION = YES;
				CLANG_WARN_OBJC_IMPLICIT_RETAIN_SELF = YES;
				CLANG_WARN_OBJC_LITERAL_CONVERSION = YES;
				CLANG_WARN_OBJC_ROOT_CLASS = YES_ERROR;
				CLANG_WARN_QUOTED_INCLUDE_IN_FRAMEWORK_HEADER = YES;
				CLANG_WARN_RANGE_LOOP_ANALYSIS = YES;
				CLANG_WARN_STRICT_PROTOTYPES = YES;
				CLANG_WARN_SUSPICIOUS_MOVE = YES;
				CLANG_WARN_UNGUARDED_AVAILABILITY = YES_AGGRESSIVE;
				CLANG_WARN_UNREACHABLE_CODE = YES;
				CLANG_WARN__DUPLICATE_METHOD_MATCH = YES;
				COPY_PHASE_STRIP = NO;
				DEBUG_INFORMATION_FORMAT = "dwarf-with-dsym";
				DEVELOPMENT_TEAM = 9HC298K985;
				ENABLE_NS_ASSERTIONS = NO;
				ENABLE_STRICT_OBJC_MSGSEND = YES;
				ENABLE_USER_SCRIPT_SANDBOXING = YES;
				GCC_C_LANGUAGE_STANDARD = gnu17;
				GCC_NO_COMMON_BLOCKS = YES;
				GCC_WARN_64_TO_32_BIT_CONVERSION = YES;
				GCC_WARN_ABOUT_RETURN_TYPE = YES_ERROR;
				GCC_WARN_UNDECLARED_SELECTOR = YES;
				GCC_WARN_UNINITIALIZED_AUTOS = YES_AGGRESSIVE;
				GCC_WARN_UNUSED_FUNCTION = YES;
				GCC_WARN_UNUSED_VARIABLE = YES;
				IPHONEOS_DEPLOYMENT_TARGET = 26.0;
				LOCALIZATION_PREFERS_STRING_CATALOGS = YES;
				MTL_ENABLE_DEBUG_INFO = NO;
				MTL_FAST_MATH = YES;
				SDKROOT = iphoneos;
				SWIFT_COMPILATION_MODE = wholemodule;
				VALIDATE_PRODUCT = YES;
			};
			name = Release;
		};
		558E8CCB2E7C49D4007487AB /* Debug */ = {
			isa = XCBuildConfiguration;
			buildSettings = {
				ASSETCATALOG_COMPILER_APPICON_NAME = AppIcon;
				ASSETCATALOG_COMPILER_GLOBAL_ACCENT_COLOR_NAME = AccentColor;
				CODE_SIGN_STYLE = Manual;
				CURRENT_PROJECT_VERSION = 1;
				DEVELOPMENT_TEAM = "";
				ENABLE_PREVIEWS = YES;
				GENERATE_INFOPLIST_FILE = YES;
				INFOPLIST_KEY_UIApplicationSceneManifest_Generation = YES;
				INFOPLIST_KEY_UIApplicationSupportsIndirectInputEvents = YES;
				INFOPLIST_KEY_UILaunchScreen_Generation = YES;
				INFOPLIST_KEY_UISupportedInterfaceOrientations_iPad = "UIInterfaceOrientationPortrait UIInterfaceOrientationPortraitUpsideDown UIInterfaceOrientationLandscapeLeft UIInterfaceOrientationLandscapeRight";
				INFOPLIST_KEY_UISupportedInterfaceOrientations_iPhone = "UIInterfaceOrientationPortrait UIInterfaceOrientationLandscapeLeft UIInterfaceOrientationLandscapeRight";
				LD_RUNPATH_SEARCH_PATHS = (
					"$(inherited)",
					"@executable_path/Frameworks",
				);
				MARKETING_VERSION = 1.0;
				PRODUCT_BUNDLE_IDENTIFIER = com.sync.luximetr.tripstagram;
				PRODUCT_NAME = "$(TARGET_NAME)";
				PROVISIONING_PROFILE_SPECIFIER = "";
				STRING_CATALOG_GENERATE_SYMBOLS = YES;
				SWIFT_APPROACHABLE_CONCURRENCY = YES;
				SWIFT_DEFAULT_ACTOR_ISOLATION = MainActor;
				SWIFT_EMIT_LOC_STRINGS = YES;
				SWIFT_UPCOMING_FEATURE_MEMBER_IMPORT_VISIBILITY = YES;
				SWIFT_VERSION = 5.0;
				TARGETED_DEVICE_FAMILY = "1,2";
			};
			name = Debug;
		};
		558E8CCC2E7C49D4007487AB /* Release */ = {
			isa = XCBuildConfiguration;
			buildSettings = {
				ASSETCATALOG_COMPILER_APPICON_NAME = AppIcon;
				ASSETCATALOG_COMPILER_GLOBAL_ACCENT_COLOR_NAME = AccentColor;
				CODE_SIGN_STYLE = Manual;
				CURRENT_PROJECT_VERSION = 1;
				DEVELOPMENT_TEAM = "";
				ENABLE_PREVIEWS = YES;
				GENERATE_INFOPLIST_FILE = YES;
				INFOPLIST_KEY_UIApplicationSceneManifest_Generation = YES;
				INFOPLIST_KEY_UIApplicationSupportsIndirectInputEvents = YES;
				INFOPLIST_KEY_UILaunchScreen_Generation = YES;
				INFOPLIST_KEY_UISupportedInterfaceOrientations_iPad = "UIInterfaceOrientationPortrait UIInterfaceOrientationPortraitUpsideDown UIInterfaceOrientationLandscapeLeft UIInterfaceOrientationLandscapeRight";
				INFOPLIST_KEY_UISupportedInterfaceOrientations_iPhone = "UIInterfaceOrientationPortrait UIInterfaceOrientationLandscapeLeft UIInterfaceOrientationLandscapeRight";
				LD_RUNPATH_SEARCH_PATHS = (
					"$(inherited)",
					"@executable_path/Frameworks",
				);
				MARKETING_VERSION = 1.0;
				PRODUCT_BUNDLE_IDENTIFIER = com.sync.luximetr.tripstagram;
				PRODUCT_NAME = "$(TARGET_NAME)";
				PROVISIONING_PROFILE_SPECIFIER = "";
				STRING_CATALOG_GENERATE_SYMBOLS = YES;
				SWIFT_APPROACHABLE_CONCURRENCY = YES;
				SWIFT_DEFAULT_ACTOR_ISOLATION = MainActor;
				SWIFT_EMIT_LOC_STRINGS = YES;
				SWIFT_UPCOMING_FEATURE_MEMBER_IMPORT_VISIBILITY = YES;
				SWIFT_VERSION = 5.0;
				TARGETED_DEVICE_FAMILY = "1,2";
			};
			name = Release;
		};
		558E8CCE2E7C49D4007487AB /* Debug */ = {
			isa = XCBuildConfiguration;
			buildSettings = {
				BUNDLE_LOADER = "$(TEST_HOST)";
				CODE_SIGN_STYLE = Automatic;
				CURRENT_PROJECT_VERSION = 1;
				DEVELOPMENT_TEAM = 9HC298K985;
				GENERATE_INFOPLIST_FILE = YES;
				IPHONEOS_DEPLOYMENT_TARGET = 26.0;
				MARKETING_VERSION = 1.0;
				PRODUCT_BUNDLE_IDENTIFIER = com.sync.luximetr.TripstagramTests;
				PRODUCT_NAME = "$(TARGET_NAME)";
				STRING_CATALOG_GENERATE_SYMBOLS = NO;
				SWIFT_APPROACHABLE_CONCURRENCY = YES;
				SWIFT_EMIT_LOC_STRINGS = NO;
				SWIFT_UPCOMING_FEATURE_MEMBER_IMPORT_VISIBILITY = YES;
				SWIFT_VERSION = 5.0;
				TARGETED_DEVICE_FAMILY = "1,2";
				TEST_HOST = "$(BUILT_PRODUCTS_DIR)/Tripstagram.app/$(BUNDLE_EXECUTABLE_FOLDER_PATH)/Tripstagram";
			};
			name = Debug;
		};
		558E8CCF2E7C49D4007487AB /* Release */ = {
			isa = XCBuildConfiguration;
			buildSettings = {
				BUNDLE_LOADER = "$(TEST_HOST)";
				CODE_SIGN_STYLE = Automatic;
				CURRENT_PROJECT_VERSION = 1;
				DEVELOPMENT_TEAM = 9HC298K985;
				GENERATE_INFOPLIST_FILE = YES;
				IPHONEOS_DEPLOYMENT_TARGET = 26.0;
				MARKETING_VERSION = 1.0;
				PRODUCT_BUNDLE_IDENTIFIER = com.sync.luximetr.TripstagramTests;
				PRODUCT_NAME = "$(TARGET_NAME)";
				STRING_CATALOG_GENERATE_SYMBOLS = NO;
				SWIFT_APPROACHABLE_CONCURRENCY = YES;
				SWIFT_EMIT_LOC_STRINGS = NO;
				SWIFT_UPCOMING_FEATURE_MEMBER_IMPORT_VISIBILITY = YES;
				SWIFT_VERSION = 5.0;
				TARGETED_DEVICE_FAMILY = "1,2";
				TEST_HOST = "$(BUILT_PRODUCTS_DIR)/Tripstagram.app/$(BUNDLE_EXECUTABLE_FOLDER_PATH)/Tripstagram";
			};
			name = Release;
		};
		558E8CD12E7C49D4007487AB /* Debug */ = {
			isa = XCBuildConfiguration;
			buildSettings = {
				CODE_SIGN_STYLE = Automatic;
				CURRENT_PROJECT_VERSION = 1;
				DEVELOPMENT_TEAM = 9HC298K985;
				GENERATE_INFOPLIST_FILE = YES;
				MARKETING_VERSION = 1.0;
				PRODUCT_BUNDLE_IDENTIFIER = com.sync.luximetr.TripstagramUITests;
				PRODUCT_NAME = "$(TARGET_NAME)";
				STRING_CATALOG_GENERATE_SYMBOLS = NO;
				SWIFT_APPROACHABLE_CONCURRENCY = YES;
				SWIFT_EMIT_LOC_STRINGS = NO;
				SWIFT_UPCOMING_FEATURE_MEMBER_IMPORT_VISIBILITY = YES;
				SWIFT_VERSION = 5.0;
				TARGETED_DEVICE_FAMILY = "1,2";
				TEST_TARGET_NAME = Tripstagram;
			};
			name = Debug;
		};
		558E8CD22E7C49D4007487AB /* Release */ = {
			isa = XCBuildConfiguration;
			buildSettings = {
				CODE_SIGN_STYLE = Automatic;
				CURRENT_PROJECT_VERSION = 1;
				DEVELOPMENT_TEAM = 9HC298K985;
				GENERATE_INFOPLIST_FILE = YES;
				MARKETING_VERSION = 1.0;
				PRODUCT_BUNDLE_IDENTIFIER = com.sync.luximetr.TripstagramUITests;
				PRODUCT_NAME = "$(TARGET_NAME)";
				STRING_CATALOG_GENERATE_SYMBOLS = NO;
				SWIFT_APPROACHABLE_CONCURRENCY = YES;
				SWIFT_EMIT_LOC_STRINGS = NO;
				SWIFT_UPCOMING_FEATURE_MEMBER_IMPORT_VISIBILITY = YES;
				SWIFT_VERSION = 5.0;
				TARGETED_DEVICE_FAMILY = "1,2";
				TEST_TARGET_NAME = Tripstagram;
			};
			name = Release;
		};
/* End XCBuildConfiguration section */

/* Begin XCConfigurationList section */
		558E8CA22E7C49D2007487AB /* Build configuration list for PBXProject "Tripstagram" */ = {
			isa = XCConfigurationList;
			buildConfigurations = (
				558E8CC82E7C49D4007487AB /* Debug */,
				558E8CC92E7C49D4007487AB /* Release */,
			);
			defaultConfigurationIsVisible = 0;
			defaultConfigurationName = Release;
		};
		558E8CCA2E7C49D4007487AB /* Build configuration list for PBXNativeTarget "Tripstagram" */ = {
			isa = XCConfigurationList;
			buildConfigurations = (
				558E8CCB2E7C49D4007487AB /* Debug */,
				558E8CCC2E7C49D4007487AB /* Release */,
			);
			defaultConfigurationIsVisible = 0;
			defaultConfigurationName = Release;
		};
		558E8CCD2E7C49D4007487AB /* Build configuration list for PBXNativeTarget "TripstagramTests" */ = {
			isa = XCConfigurationList;
			buildConfigurations = (
				558E8CCE2E7C49D4007487AB /* Debug */,
				558E8CCF2E7C49D4007487AB /* Release */,
			);
			defaultConfigurationIsVisible = 0;
			defaultConfigurationName = Release;
		};
		558E8CD02E7C49D4007487AB /* Build configuration list for PBXNativeTarget "TripstagramUITests" */ = {
			isa = XCConfigurationList;
			buildConfigurations = (
				558E8CD12E7C49D4007487AB /* Debug */,
				558E8CD22E7C49D4007487AB /* Release */,
			);
			defaultConfigurationIsVisible = 0;
			defaultConfigurationName = Release;
		};
/* End XCConfigurationList section */

/* Begin XCSwiftPackageProductDependency section */
		558E8D102E7C4C0C007487AB /* TripstagramPresentation */ = {
			isa = XCSwiftPackageProductDependency;
			productName = TripstagramPresentation;
		};
/* End XCSwiftPackageProductDependency section */
	};
	rootObject = 558E8C9F2E7C49D2007487AB /* Project object */;
}
